
Microsoft Visual Studio Solution File, Format Version 12.00
# Visual Studio Version 17
VisualStudioVersion = 17.0.32112.339
MinimumVisualStudioVersion = 10.0.40219.1
Project("{FAE04EC0-301F-11D3-BF4B-00C04F79EFBC}") = "TP 03 PROJETO 2", "TP 03 PROJETO 2\TP 03 PROJETO 2.csproj", "{750CF71B-D8CA-42E5-AF97-6D9A7E1CE18B}"
EndProject
Global
	GlobalSection(SolutionConfigurationPlatforms) = preSolution
		Debug|Any CPU = Debug|Any CPU
		Release|Any CPU = Release|Any CPU
	EndGlobalSection
	GlobalSection(ProjectConfigurationPlatforms) = postSolution
		{750CF71B-D8CA-42E5-AF97-6D9A7E1CE18B}.Debug|Any CPU.ActiveCfg = Debug|Any CPU
		{750CF71B-D8CA-42E5-AF97-6D9A7E1CE18B}.Debug|Any CPU.Build.0 = Debug|Any CPU
		{750CF71B-D8CA-42E5-AF97-6D9A7E1CE18B}.Release|Any CPU.ActiveCfg = Release|Any CPU
		{750CF71B-D8CA-42E5-AF97-6D9A7E1CE18B}.Release|Any CPU.Build.0 = Release|Any CPU
	EndGlobalSection
	GlobalSection(SolutionProperties) = preSolution
		HideSolutionNode = FALSE
	EndGlobalSection
	GlobalSection(ExtensibilityGlobals) = postSolution
		SolutionGuid = {7D72CC57-CBE4-46F5-96F2-4A39FB487DC6}
	EndGlobalSection
EndGlobal
